
Microsoft Visual Studio Solution File, Format Version 12.00
# Visual Studio Version 17
VisualStudioVersion = 17.7.34031.279
MinimumVisualStudioVersion = 10.0.40219.1
Project("{FAE04EC0-301F-11D3-BF4B-00C04F79EFBC}") = "PAMS_Demo", "PAMS_Demo\PAMS_Demo.csproj", "{EE229997-139E-4DB1-A9DB-42D649310900}"
EndProject
Global
	GlobalSection(SolutionConfigurationPlatforms) = preSolution
		Debug|Any CPU = Debug|Any CPU
		Release|Any CPU = Release|Any CPU
	EndGlobalSection
	GlobalSection(ProjectConfigurationPlatforms) = postSolution
		{EE229997-139E-4DB1-A9DB-42D649310900}.Debug|Any CPU.ActiveCfg = Debug|Any CPU
		{EE229997-139E-4DB1-A9DB-42D649310900}.Debug|Any CPU.Build.0 = Debug|Any CPU
		{EE229997-139E-4DB1-A9DB-42D649310900}.Release|Any CPU.ActiveCfg = Release|Any CPU
		{EE229997-139E-4DB1-A9DB-42D649310900}.Release|Any CPU.Build.0 = Release|Any CPU
	EndGlobalSection
	GlobalSection(SolutionProperties) = preSolution
		HideSolutionNode = FALSE
	EndGlobalSection
	GlobalSection(ExtensibilityGlobals) = postSolution
		SolutionGuid = {FE134E92-E934-442C-8102-E9E7388C61F0}
	EndGlobalSection
EndGlobal
